version = 1
revision = 3
requires-python = ">=3.12"

[manifest]
requirements = [
    { name = "deltalake", specifier = "==1.6.3" },
    { name = "pyarrow", specifier = "==21.0.0" },
]

[[package]]
name = "arro3-core"
version = "0.8.2"
source = { registry = "https://pypi.org/simple" }
sdist = { url = "https://files.pythonhosted.org/packages/f6/68/db11c4ad146cc6625b68c3e33e4370de759950babbaac5b74a41164c91f9/arro3_core-0.8.2.tar.gz", hash = "sha256:51eac10b2113623a452b44480844a4edbd17bfc83f4545b56e1240636b7c2334", size = 92831, upload-time = "2026-09-03T08:03:30.386Z" }
wheels = [
    { url = "https://files.pythonhosted.org/packages/61/fa/733457381266baa8ccd9dc916dcfee712d28d654be288c9a361cb77d2ad0/arro3_core-0.8.2-cp311-abi3-macosx_10_12_x86_64.whl", hash = "sha256:f11104bccd3a6f210f8c1cf4d182ad8aaeca0f82f62c39a3b2f8f21c63b32cb3", size = 2998398, upload-time = "2026-09-03T08:01:58.841Z" },
    { url = "https://files.pythonhosted.org/packages/28/30/cb2a2d09ee2829dd6aa16fb6df93729fe17d8ee4c01d56dfa87fa8c07a7d/arro3_core-0.8.2-cp311-abi3-macosx_11_0_arm64.whl", hash = "sha256:c440eb44ab78397a783e4429490102967008a8b2383bd0f70433f4594689a7ee", size = 2754039, upload-time = "2026-09-03T08:02:00.559Z" },
    { url = "https://files.pythonhosted.org/packages/82/27/384014251ac0d3f5c5b76ce816355dba2223e29564fab8d80b25f5462863/arro3_core-0.8.2-cp311-abi3-manylinux_2_17_armv7l.manylinux2014_armv7l.whl", hash = "sha256:6c48f9f2230f0869982021e7b92794456ffca99320565b7519fecd770e798cba", size = 3223780, upload-time = "2026-09-03T08:02:02.173Z" },
    { url = "https://files.pythonhosted.org/packages/95/3c/e6dc5ae989d000159fed1172378efc9e8c49c17a9f52b1e724da507483e4/arro3_core-0.8.2-cp311-abi3-manylinux_2_17_ppc64le.manylinux2014_ppc64le.whl", hash = "sha256:6fbc60e277021b4d78dce1adaa2988040cbfb7ddf358ee5fa66ae30a96f3b184", size = 3335234, upload-time = "2026-09-03T08:02:04.401Z" },
    { url = "https://files.pythonhosted.org/packages/38/d3/0b10a3e4617094494df3243f71092b5a210da0d3773d813ca2d5068fb763/arro3_core-0.8.2-cp311-abi3-manylinux_2_17_s390x.manylinux2014_s390x.whl", hash = "sha256:f51a5924a6503360cbc679015e1df88ce2515a3dd2cae3cf52c076f84be255ed", size = 3476780, upload-time = "2026-09-03T08:02:06.069Z" },
    { url = "https://files.pythonhosted.org/packages/d9/13/2adc42096a1b165064cabf17515e6cc7aa5490e71c3e570ff579f921e09f/arro3_core-0.8.2-cp311-abi3-manylinux_2_17_x86_64.manylinux2014_x86_64.whl", hash = "sha256:5c5b361bf1a483536047bbf22568baeae66d72bb2c265d2ac4d45ef51f23c921", size = 3139773, upload-time = "2026-09-03T08:02:07.658Z" },
    { url = "https://files.pythonhosted.org/packages/ed/f4/b80b73004a713de878b0ee0348154db78b3c32f5156240035670d8811fa1/arro3_core-0.8.2-cp311-abi3-manylinux_2_24_aarch64.whl", hash = "sha256:f0bcfddba1a461dc2b2edbbd814642c22492dfc2476d69efa3ab65dcdbfb6b9c", size = 2908405, upload-time = "2026-09-03T08:02:09.082Z" },
    { url = "https://files.pythonhosted.org/packages/76/43/cf253c6fc47202cfc899b2d115265c28e2dc7873e03fa27324a0b3a2355f/arro3_core-0.8.2-cp311-abi3-manylinux_2_5_i686.manylinux1_i686.whl", hash = "sha256:2618873ff8dd2d5141978cb43b5fe1ef095981ba957c456df680664e6d22c130", size = 3372617, upload-time = "2026-09-03T08:02:10.477Z" },
    { url = "https://files.pythonhosted.org/packages/d6/6c/987d09b09afe515af67a3523325ff1ba111b16cebb3c81deeca794dcc30a/arro3_core-0.8.2-cp311-abi3-musllinux_1_2_aarch64.whl", hash = "sha256:fbf5b07ebba94ea5fab381c9366217f78152705222a94ae00c97360333d9305d", size = 3088499, upload-time = "2026-09-03T08:02:12.042Z" },
    { url = "https://files.pythonhosted.org/packages/83/85/b6189b91ef1a25c9208cbbe58cacc42293c84309eb7fd2deaca02870a68a/arro3_core-0.8.2-cp311-abi3-musllinux_1_2_armv7l.whl", hash = "sha256:0ef906334704039f78d25c1beab653e3ec46ed14c8583f7c1e4e24d0a8f28b8d", size = 3502723, upload-time = "2026-09-03T08:02:13.511Z" },
    { url = "https://files.pythonhosted.org/packages/5f/d7/ae3bd97c2ebc9a79508c6789dcba9bfacd87d59ce67ee519b9651e2e808a/arro3_core-0.8.2-cp311-abi3-musllinux_1_2_i686.whl", hash = "sha256:836e32d604cdcad0e1943bbeeebcb5ae8211e19e661071358ea5a8443b8ae854", size = 3474134, upload-time = "2026-09-03T08:02:15.188Z" },
    { url = "https://files.pythonhosted.org/packages/8b/32/0d5e4b03b9564a7c58726c5b2b9591952a13cf5c84716adccb7669f88a1c/arro3_core-0.8.2-cp311-abi3-musllinux_1_2_x86_64.whl", hash = "sha256:b74963ca517a940632020a04f3613321d7bb198c9ed2e193590d27c592ae9853", size = 3359886, upload-time = "2026-09-03T08:02:16.731Z" },
    { url = "https://files.pythonhosted.org/packages/24/5a/85edfa131fe52bcb33c9c9e9eab10dec197f039a74e05121d30784a205cd/arro3_core-0.8.2-cp311-abi3-win_amd64.whl", hash = "sha256:195d1003303e050da262b0727d107a2aa7271216f60283fff925612dd7d45c95", size = 3311607, upload-time = "2026-09-03T08:02:18.337Z" },
    { url = "https://files.pythonhosted.org/packages/a2/18/73fe6503a3a657a6ccde27d4917e95a52525adc19f981b978b208675d579/arro3_core-0.8.2-cp311-abi3-win_arm64.whl", hash = "sha256:6a57975132c3ee967be1c2a8dd3950ac17990a38b9774f671b78c66395e6d90f", size = 2961638, upload-time = "2026-09-03T08:02:20.158Z" },
    { url = "https://files.pythonhosted.org/packages/25/0e/e487d2ea877073f140753445f0033145ab3c60ed3fe5445533cb6a34e84a/arro3_core-0.8.2-cp313-cp313-pyemscripten_2025_0_wasm32.whl", hash = "sha256:ed4c2a8d0deaf1da3ac497d0b97f3fd236ca531200c4ce23ec2649cec47da1dc", size = 1718880, upload-time = "2026-09-03T08:02:21.942Z" },
    { url = "https://files.pythonhosted.org/packages/f7/42/598184778b594bda7b2aed4b23908ddfd305138ef0934a0adedf5b2a7b25/arro3_core-0.8.2-cp314-cp314-pyemscripten_2026_0_wasm32.whl", hash = "sha256:a46bada55d9f6678d4738cef8169082c0d13ca495ec2a7b10b7956739a03fb6c", size = 1703773, upload-time = "2026-09-03T08:02:23.362Z" },
    { url = "https://files.pythonhosted.org/packages/b5/70/ec71aa5f59563e35f42047dfa38a1e2a52e96d0c32a4df02347bce7cb313/arro3_core-0.8.2-cp314-cp314t-macosx_10_12_x86_64.whl", hash = "sha256:cecfeeb5c8a4468b00d15be84ee57d125bd888fd590051e290dd9a1003522495", size = 3017388, upload-time = "2026-09-03T08:02:24.722Z" },
    { url = "https://files.pythonhosted.org/packages/f5/e6/4c5293c663c7255cf69ee261c3cf951dd92ca3f9ec8a89bf9f58a9c8854c/arro3_core-0.8.2-cp314-cp314t-macosx_11_0_arm64.whl", hash = "sha256:508efa269e5a93a39c9fc2d624815aeebda446aa04388ac5b22dbf74d0d2a106", size = 2737056, upload-time = "2026-09-03T08:02:26.179Z" },
    { url = "https://files.pythonhosted.org/packages/7b/61/8a9dcaffac07c1fc9f76f2d1a5d458c40320323fdc0f6e74692da403a6a7/arro3_core-0.8.2-cp314-cp314t-manylinux_2_17_armv7l.manylinux2014_armv7l.whl", hash = "sha256:171b427c79058cf3ec6758794bafca2affaca061cecb07a0930f72e1460874cc", size = 3219201, upload-time = "2026-09-03T08:02:28.232Z" },
    { url = "https://files.pythonhosted.org/packages/5b/9a/3b273599a13ff8e8f92f560204b3335b2fe446480eda2709bebd7b3a4f7d/arro3_core-0.8.2-cp314-cp314t-manylinux_2_17_ppc64le.manylinux2014_ppc64le.whl", hash = "sha256:974245b76afa20528fdde6a57aa88efa22cfe27effab0580f198877bc0fb56fc", size = 3321140, upload-time = "2026-09-03T08:02:29.818Z" },
    { url = "https://files.pythonhosted.org/packages/5b/ce/8ac97dddd64bfbb188205f1869ea9eb6d0c2cd2bbad744ae3e65f336934c/arro3_core-0.8.2-cp314-cp314t-manylinux_2_17_s390x.manylinux2014_s390x.whl", hash = "sha256:22daff2943c803eb888b94036eeeb20ce9ddca649dfbbeb30c470ca4bf70e65b", size = 3481157, upload-time = "2026-09-03T08:02:31.438Z" },
    { url = "https://files.pythonhosted.org/packages/7c/03/1667805eaa865287f3c6480e22d3747bb92d46954048327a6934b906edfc/arro3_core-0.8.2-cp314-cp314t-manylinux_2_17_x86_64.manylinux2014_x86_64.whl", hash = "sha256:858fe80ebec6fb172ce760979bc51d15f370f0cd11f50db61e2516912eb244c8", size = 3132210, upload-time = "2026-09-03T08:02:32.96Z" },
    { url = "https://files.pythonhosted.org/packages/9e/0f/7e4b90f0b15898ceb09fe7a81818d33143daaf512f20077a0ccee365335d/arro3_core-0.8.2-cp314-cp314t-manylinux_2_24_aarch64.whl", hash = "sha256:955428a268b44e6cb1be18bc69ad4cc4d114e8a4db87aacb9f6b216ddf7c5762", size = 2902939, upload-time = "2026-09-03T08:02:34.444Z" },
    { url = "https://files.pythonhosted.org/packages/93/b9/7fc0e89aa6640183ea368c27f53255aea111290eed91f0e2c66527e8e7bc/arro3_core-0.8.2-cp314-cp314t-manylinux_2_5_i686.manylinux1_i686.whl", hash = "sha256:216deb890962ce29ad03c612c2d952109f3f33b242435a645529c41115045b34", size = 3358896, upload-time = "2026-09-03T08:02:35.987Z" },
    { url = "https://files.pythonhosted.org/packages/f8/90/13bffa1518126597add8ab6ab32356ab69614f74392feeb303edfab306a3/arro3_core-0.8.2-cp314-cp314t-musllinux_1_2_aarch64.whl", hash = "sha256:0bb9b3d5fdbb1f003de38c1de6c92a1e01494396e24d1ff89dd50c6e9e97f896", size = 3082548, upload-time = "2026-09-03T08:02:37.474Z" },
    { url = "https://files.pythonhosted.org/packages/39/a6/92124aeea9b1268db7cf72b2ca37983774719cd6e2f4e7929db2073cfda5/arro3_core-0.8.2-cp314-cp314t-musllinux_1_2_armv7l.whl", hash = "sha256:866eeab0b4f9914b3c24afdee0d511f3e676698640f8c4edec3f0bf2f9dd1cbc", size = 3498273, upload-time = "2026-09-03T08:02:41.343Z" },
    { url = "https://files.pythonhosted.org/packages/2f/40/a89f5769487815ac84a082d502a207e0a8b43b3b78701564770b079e3dbd/arro3_core-0.8.2-cp314-cp314t-musllinux_1_2_i686.whl", hash = "sha256:ad3697ad4b5e3dcf12374a640348b76bdb31b32ffe623d3946fb201e2560f085", size = 3460783, upload-time = "2026-09-03T08:02:42.859Z" },
    { url = "https://files.pythonhosted.org/packages/50/8c/d1e9747751ad34d0c5c91ec1b02474a44c9ab903e1a38f0e64490ac80403/arro3_core-0.8.2-cp314-cp314t-musllinux_1_2_x86_64.whl", hash = "sha256:fae5254eede746f18c575d8a8baff2da0dda15c43d10f9e099a5e46ba1c2a743", size = 3352750, upload-time = "2026-09-03T08:02:44.322Z" },
    { url = "https://files.pythonhosted.org/packages/ca/fc/1e8d55efd0ff7b34a489132968a7508485dbfce96f632c76f48cb65368b5/arro3_core-0.8.2-cp314-cp314t-win_amd64.whl", hash = "sha256:7edc7ea86012638f5cd7d147b0155addd81255bbcbf5c6b1c2bd2643d523aa1f", size = 3290376, upload-time = "2026-09-03T08:02:45.927Z" },
    { url = "https://files.pythonhosted.org/packages/fe/2e/806752270276a9ccb3b9fdc16d3b64a7f551ddea9f3a42c00cb935691716/arro3_core-0.8.2-cp314-cp314t-win_arm64.whl", hash = "sha256:f7bebb1f6630f203bd38e887db77d2780efd54ba3aadf2400b550c1660946cb2", size = 2944973, upload-time = "2026-09-03T08:02:47.681Z" },
]

[[package]]
name = "deltalake"
version = "1.6.3"
source = { registry = "https://pypi.org/simple" }
dependencies = [
    { name = "arro3-core" },
    { name = "deprecated" },
]
sdist = { url = "https://files.pythonhosted.org/packages/08/ca/62354ebb384806b3496b25708ac605af54c5ed11cb2a8111ea1892aec9c9/deltalake-1.6.3.tar.gz", hash = "sha256:b7176c9d2a48b3ad339902e6216cdde813857b9628ef53e972889c71d2836fc4", size = 5556567, upload-time = "2026-08-21T19:07:33.7Z" }
wheels = [
    { url = "https://files.pythonhosted.org/packages/e8/26/048812e37921a88935fc75811905dab15a97fc76570a7f6716e68b855cce/deltalake-1.6.3-cp310-abi3-macosx_10_12_x86_64.whl", hash = "sha256:c25928df2a30a19dec3f86ffd931fd59b7f175b5781ba998b34001eb4d49e1f7", size = 50660228, upload-time = "2026-08-21T20:17:39.96Z" },
    { url = "https://files.pythonhosted.org/packages/50/54/56c21b2c7dcee35ad84fcd4aeb73043440320e7ed0114185610a4dd96e14/deltalake-1.6.3-cp310-abi3-macosx_11_0_arm64.whl", hash = "sha256:8cec745b5dff6581c0b26c5136e3f9eea7ac715a684fe4459b5c37c66407ae02", size = 46966574, upload-time = "2026-08-21T20:16:22.369Z" },
    { url = "https://files.pythonhosted.org/packages/9b/d8/68505832d7fdf3cae5f4bcf5bb1d7fb31a8e07f909515bf845b09b3ec58c/deltalake-1.6.3-cp310-abi3-manylinux_2_17_x86_64.manylinux2014_x86_64.whl", hash = "sha256:1a5163ed5550f5b83ba6f9a95b5e3dff09934a3165fb80ee0ab8e5919782ac6c", size = 51885971, upload-time = "2026-08-21T19:40:39.213Z" },
    { url = "https://files.pythonhosted.org/packages/6a/5a/18a21ca1b75228e2a5655616e2493f7dfe7c75397c5b7a616299342feeae/deltalake-1.6.3-cp310-abi3-manylinux_2_28_aarch64.whl", hash = "sha256:d5aa5f89367deca941ed5e8496b6f6521b42ff0380609ff7a02f771ae9ae7abe", size = 50801364, upload-time = "2026-08-21T19:26:16.964Z" },
    { url = "https://files.pythonhosted.org/packages/7a/e0/038b81370988e47e80e8e243355a49c3f58c20624375df6c5140f922dfd1/deltalake-1.6.3-cp310-abi3-musllinux_1_2_aarch64.whl", hash = "sha256:8f2de230b5cd979b3b984db3b9a24bf14722d4b46a4d062b41fe3fd2e5bfbd68", size = 50802730, upload-time = "2026-08-21T19:26:21.044Z" },
    { url = "https://files.pythonhosted.org/packages/5e/c2/5cf8b65d6ddb2a3b0b0b1f4359ddbfba1afa93764bb6e19fc4d31dd8dba8/deltalake-1.6.3-cp310-abi3-musllinux_1_2_x86_64.whl", hash = "sha256:b51d0109b0a86b336c7254a01495536d69c72593663d8de0bc320aa4523c0502", size = 51904607, upload-time = "2026-08-21T19:39:05.074Z" },
    { url = "https://files.pythonhosted.org/packages/63/91/28cb7e0edf10f05f1025e2b4bb0085a1b23aa11472c06e43f1c5897c183e/deltalake-1.6.3-cp310-abi3-win_amd64.whl", hash = "sha256:7920a60510376f3c90feb62d182063b0202f117411e73ff9f23ffe969b800dce", size = 55409423, upload-time = "2026-08-21T20:04:36.967Z" },
]

[[package]]
name = "deprecated"
version = "1.3.1"
source = { registry = "https://pypi.org/simple" }
dependencies = [
    { name = "wrapt" },
]
sdist = { url = "https://files.pythonhosted.org/packages/49/85/12f0a49a7c4ffb70572b6c2ef13c90c88fd190debda93b23f026b25f9634/deprecated-1.3.1.tar.gz", hash = "sha256:b1b50e0ff0c1fddaa5708a2c6b0a6588bb09b892825ab2b214ac9ea9d92a5223", size = 2932523, upload-time = "2025-10-30T08:19:02.757Z" }
wheels = [
    { url = "https://files.pythonhosted.org/packages/84/d0/205d54408c08b13550c733c4b85429e7ead111c7f0014309637425520a9a/deprecated-1.3.1-py2.py3-none-any.whl", hash = "sha256:597bfef186b6f60181535a29fbe44865ce137a5079f295b479886c82729d5f3f", size = 11298, upload-time = "2025-10-30T08:19:00.758Z" },
]

[[package]]
name = "pyarrow"
version = "21.0.0"
source = { registry = "https://pypi.org/simple" }
sdist = { url = "https://files.pythonhosted.org/packages/ef/c2/ea068b8f00905c06329a3dfcd40d0fcc2b7d0f2e355bdb25b65e0a0e4cd4/pyarrow-21.0.0.tar.gz", hash = "sha256:5051f2dccf0e283ff56335760cbc8622cf52264d67e359d5569541ac11b6d5bc", size = 1133487, upload-time = "2025-07-18T00:57:31.761Z" }
wheels = [
    { url = "https://files.pythonhosted.org/packages/ca/d4/d4f817b21aacc30195cf6a46ba041dd1be827efa4a623cc8bf39a1c2a0c0/pyarrow-21.0.0-cp312-cp312-macosx_12_0_arm64.whl", hash = "sha256:3a302f0e0963db37e0a24a70c56cf91a4faa0bca51c23812279ca2e23481fccd", size = 31160305, upload-time = "2025-07-18T00:55:35.373Z" },
    { url = "https://files.pythonhosted.org/packages/a2/9c/dcd38ce6e4b4d9a19e1d36914cb8e2b1da4e6003dd075474c4cfcdfe0601/pyarrow-21.0.0-cp312-cp312-macosx_12_0_x86_64.whl", hash = "sha256:b6b27cf01e243871390474a211a7922bfbe3bda21e39bc9160daf0da3fe48876", size = 32684264, upload-time = "2025-07-18T00:55:39.303Z" },
    { url = "https://files.pythonhosted.org/packages/4f/74/2a2d9f8d7a59b639523454bec12dba35ae3d0a07d8ab529dc0809f74b23c/pyarrow-21.0.0-cp312-cp312-manylinux_2_28_aarch64.whl", hash = "sha256:e72a8ec6b868e258a2cd2672d91f2860ad532d590ce94cdf7d5e7ec674ccf03d", size = 41108099, upload-time = "2025-07-18T00:55:42.889Z" },
    { url = "https://files.pythonhosted.org/packages/ad/90/2660332eeb31303c13b653ea566a9918484b6e4d6b9d2d46879a33ab0622/pyarrow-21.0.0-cp312-cp312-manylinux_2_28_x86_64.whl", hash = "sha256:b7ae0bbdc8c6674259b25bef5d2a1d6af5d39d7200c819cf99e07f7dfef1c51e", size = 42829529, upload-time = "2025-07-18T00:55:47.069Z" },
    { url = "https://files.pythonhosted.org/packages/33/27/1a93a25c92717f6aa0fca06eb4700860577d016cd3ae51aad0e0488ac899/pyarrow-21.0.0-cp312-cp312-musllinux_1_2_aarch64.whl", hash = "sha256:58c30a1729f82d201627c173d91bd431db88ea74dcaa3885855bc6203e433b82", size = 43367883, upload-time = "2025-07-18T00:55:53.069Z" },
    { url = "https://files.pythonhosted.org/packages/05/d9/4d09d919f35d599bc05c6950095e358c3e15148ead26292dfca1fb659b0c/pyarrow-21.0.0-cp312-cp312-musllinux_1_2_x86_64.whl", hash = "sha256:072116f65604b822a7f22945a7a6e581cfa28e3454fdcc6939d4ff6090126623", size = 45133802, upload-time = "2025-07-18T00:55:57.714Z" },
    { url = "https://files.pythonhosted.org/packages/71/30/f3795b6e192c3ab881325ffe172e526499eb3780e306a15103a2764916a2/pyarrow-21.0.0-cp312-cp312-win_amd64.whl", hash = "sha256:cf56ec8b0a5c8c9d7021d6fd754e688104f9ebebf1bf4449613c9531f5346a18", size = 26203175, upload-time = "2025-07-18T00:56:01.364Z" },
    { url = "https://files.pythonhosted.org/packages/16/ca/c7eaa8e62db8fb37ce942b1ea0c6d7abfe3786ca193957afa25e71b81b66/pyarrow-21.0.0-cp313-cp313-macosx_12_0_arm64.whl", hash = "sha256:e99310a4ebd4479bcd1964dff9e14af33746300cb014aa4a3781738ac63baf4a", size = 31154306, upload-time = "2025-07-18T00:56:04.42Z" },
    { url = "https://files.pythonhosted.org/packages/ce/e8/e87d9e3b2489302b3a1aea709aaca4b781c5252fcb812a17ab6275a9a484/pyarrow-21.0.0-cp313-cp313-macosx_12_0_x86_64.whl", hash = "sha256:d2fe8e7f3ce329a71b7ddd7498b3cfac0eeb200c2789bd840234f0dc271a8efe", size = 32680622, upload-time = "2025-07-18T00:56:07.505Z" },
    { url = "https://files.pythonhosted.org/packages/84/52/79095d73a742aa0aba370c7942b1b655f598069489ab387fe47261a849e1/pyarrow-21.0.0-cp313-cp313-manylinux_2_28_aarch64.whl", hash = "sha256:f522e5709379d72fb3da7785aa489ff0bb87448a9dc5a75f45763a795a089ebd", size = 41104094, upload-time = "2025-07-18T00:56:10.994Z" },
    { url = "https://files.pythonhosted.org/packages/89/4b/7782438b551dbb0468892a276b8c789b8bbdb25ea5c5eb27faadd753e037/pyarrow-21.0.0-cp313-cp313-manylinux_2_28_x86_64.whl", hash = "sha256:69cbbdf0631396e9925e048cfa5bce4e8c3d3b41562bbd70c685a8eb53a91e61", size = 42825576, upload-time = "2025-07-18T00:56:15.569Z" },
    { url = "https://files.pythonhosted.org/packages/b3/62/0f29de6e0a1e33518dec92c65be0351d32d7ca351e51ec5f4f837a9aab91/pyarrow-21.0.0-cp313-cp313-musllinux_1_2_aarch64.whl", hash = "sha256:731c7022587006b755d0bdb27626a1a3bb004bb56b11fb30d98b6c1b4718579d", size = 43368342, upload-time = "2025-07-18T00:56:19.531Z" },
    { url = "https://files.pythonhosted.org/packages/90/c7/0fa1f3f29cf75f339768cc698c8ad4ddd2481c1742e9741459911c9ac477/pyarrow-21.0.0-cp313-cp313-musllinux_1_2_x86_64.whl", hash = "sha256:dc56bc708f2d8ac71bd1dcb927e458c93cec10b98eb4120206a4091db7b67b99", size = 45131218, upload-time = "2025-07-18T00:56:23.347Z" },
    { url = "https://files.pythonhosted.org/packages/01/63/581f2076465e67b23bc5a37d4a2abff8362d389d29d8105832e82c9c811c/pyarrow-21.0.0-cp313-cp313-win_amd64.whl", hash = "sha256:186aa00bca62139f75b7de8420f745f2af12941595bbbfa7ed3870ff63e25636", size = 26087551, upload-time = "2025-07-18T00:56:26.758Z" },
    { url = "https://files.pythonhosted.org/packages/c9/ab/357d0d9648bb8241ee7348e564f2479d206ebe6e1c47ac5027c2e31ecd39/pyarrow-21.0.0-cp313-cp313t-macosx_12_0_arm64.whl", hash = "sha256:a7a102574faa3f421141a64c10216e078df467ab9576684d5cd696952546e2da", size = 31290064, upload-time = "2025-07-18T00:56:30.214Z" },
    { url = "https://files.pythonhosted.org/packages/3f/8a/5685d62a990e4cac2043fc76b4661bf38d06efed55cf45a334b455bd2759/pyarrow-21.0.0-cp313-cp313t-macosx_12_0_x86_64.whl", hash = "sha256:1e005378c4a2c6db3ada3ad4c217b381f6c886f0a80d6a316fe586b90f77efd7", size = 32727837, upload-time = "2025-07-18T00:56:33.935Z" },
    { url = "https://files.pythonhosted.org/packages/fc/de/c0828ee09525c2bafefd3e736a248ebe764d07d0fd762d4f0929dbc516c9/pyarrow-21.0.0-cp313-cp313t-manylinux_2_28_aarch64.whl", hash = "sha256:65f8e85f79031449ec8706b74504a316805217b35b6099155dd7e227eef0d4b6", size = 41014158, upload-time = "2025-07-18T00:56:37.528Z" },
    { url = "https://files.pythonhosted.org/packages/6e/26/a2865c420c50b7a3748320b614f3484bfcde8347b2639b2b903b21ce6a72/pyarrow-21.0.0-cp313-cp313t-manylinux_2_28_x86_64.whl", hash = "sha256:3a81486adc665c7eb1a2bde0224cfca6ceaba344a82a971ef059678417880eb8", size = 42667885, upload-time = "2025-07-18T00:56:41.483Z" },
    { url = "https://files.pythonhosted.org/packages/0a/f9/4ee798dc902533159250fb4321267730bc0a107d8c6889e07c3add4fe3a5/pyarrow-21.0.0-cp313-cp313t-musllinux_1_2_aarch64.whl", hash = "sha256:fc0d2f88b81dcf3ccf9a6ae17f89183762c8a94a5bdcfa09e05cfe413acf0503", size = 43276625, upload-time = "2025-07-18T00:56:48.002Z" },
    { url = "https://files.pythonhosted.org/packages/5a/da/e02544d6997037a4b0d22d8e5f66bc9315c3671371a8b18c79ade1cefe14/pyarrow-21.0.0-cp313-cp313t-musllinux_1_2_x86_64.whl", hash = "sha256:6299449adf89df38537837487a4f8d3bd91ec94354fdd2a7d30bc11c48ef6e79", size = 44951890, upload-time = "2025-07-18T00:56:52.568Z" },
    { url = "https://files.pythonhosted.org/packages/e5/4e/519c1bc1876625fe6b71e9a28287c43ec2f20f73c658b9ae1d485c0c206e/pyarrow-21.0.0-cp313-cp313t-win_amd64.whl", hash = "sha256:222c39e2c70113543982c6b34f3077962b44fca38c0bd9e68bb6781534425c10", size = 26371006, upload-time = "2025-07-18T00:56:56.379Z" },
]

[[package]]
name = "wrapt"
version = "2.4.1"
source = { registry = "https://pypi.org/simple" }
sdist = { url = "https://files.pythonhosted.org/packages/42/a6/6375d56c44d590ef24acf0f8f5bf7ed768ff7a510b959306ec412611e90f/wrapt-2.4.1.tar.gz", hash = "sha256:fd6390aab9e8aa40c52eff3c180f098e8d9f5894b1fd4c4fd2c207067b33ed16", size = 164597, upload-time = "2026-09-10T23:12:16.811Z" }
wheels = [
    { url = "https://files.pythonhosted.org/packages/9f/1f/a2f3225c5ecf522684c1d051aea8ce8253f240e55be75826b787777afd6c/wrapt-2.4.1-cp312-cp312-macosx_10_13_x86_64.whl", hash = "sha256:7e86fbc2ac8a363ea04abf631fad82720e16b17a25020f32dbe9b24a2ed2b0e3", size = 98890, upload-time = "2026-09-10T23:10:07.876Z" },
    { url = "https://files.pythonhosted.org/packages/68/6c/eb45660fd4d92cce11ec923f55bb2e647a6c18d30e53734eb07a3c530e31/wrapt-2.4.1-cp312-cp312-macosx_11_0_arm64.whl", hash = "sha256:24389748f0b9d5b67e478fad4fc8b3f1108422ef80716e48eead6cebcebbff08", size = 98742, upload-time = "2026-09-10T23:10:09.236Z" },
    { url = "https://files.pythonhosted.org/packages/a3/4f/17a89a580cb0082e61b8375074d5c9e5d38e4aa83ee19b6174ee472d17c2/wrapt-2.4.1-cp312-cp312-manylinux1_x86_64.manylinux_2_28_x86_64.manylinux_2_5_x86_64.whl", hash = "sha256:30d11c289b013bf384ff1a1a6553f150d0b855901708a9bef667a5680f8247c9", size = 236301, upload-time = "2026-09-10T23:10:11.039Z" },
    { url = "https://files.pythonhosted.org/packages/01/ca/4700eb008a34bf02de328806ddde15fc84c8d1e65d3dcafb92a935a50319/wrapt-2.4.1-cp312-cp312-manylinux2014_aarch64.manylinux_2_17_aarch64.manylinux_2_28_aarch64.whl", hash = "sha256:9356dbb59199a0e4709de35fa4a1ac1a88ef6da99711a397f5b009233faff326", size = 237805, upload-time = "2026-09-10T23:10:12.594Z" },
    { url = "https://files.pythonhosted.org/packages/75/5d/26c1740299b29e190d5f4b4a99eb001401042a9d9ab338e3f8e1ce140ecb/wrapt-2.4.1-cp312-cp312-manylinux_2_31_riscv64.manylinux_2_39_riscv64.whl", hash = "sha256:8342f332dada211f64b74609e332d727b13315e9a83177f7918bf68c59f815f2", size = 217037, upload-time = "2026-09-10T23:10:14.028Z" },
    { url = "https://files.pythonhosted.org/packages/3a/55/ec72991153a2ae8b40238bc44cec7c3ddf7706ef6e2d314b0c6f5c7febce/wrapt-2.4.1-cp312-cp312-musllinux_1_2_aarch64.whl", hash = "sha256:2f86e328c482bc5383b4eda5094be0bed3617fc3076aa9225ff1a9eb6372de9b", size = 234659, upload-time = "2026-09-10T23:10:15.384Z" },
    { url = "https://files.pythonhosted.org/packages/51/32/7cfa1e070dcda76ea56a3e252341cba1cd1e9412baf23cd7adfebf1114e2/wrapt-2.4.1-cp312-cp312-musllinux_1_2_riscv64.whl", hash = "sha256:4dc92697444ee380544fbb43c86612d8486529aadf917c22b5524141d4af074c", size = 214590, upload-time = "2026-09-10T23:10:16.744Z" },
    { url = "https://files.pythonhosted.org/packages/79/10/248841cb30107f6f32c53a02662e1c3e0c7c06bea0b8ebfaaee94885dcee/wrapt-2.4.1-cp312-cp312-musllinux_1_2_x86_64.whl", hash = "sha256:edd03758a7578526642508b8833d43496fdfba0f64e0025dfca153a7c1777735", size = 225103, upload-time = "2026-09-10T23:10:18.346Z" },
    { url = "https://files.pythonhosted.org/packages/90/02/5b2bf7b35b008a39939a2908e85dba3b867596e535fc9f12ddf3ba1fcaf6/wrapt-2.4.1-cp312-cp312-win32.whl", hash = "sha256:5d83e412665aeb1e854eefbf1564d0d67872d9994b502a0bce96e6ff7f4970b7", size = 93441, upload-time = "2026-09-10T23:10:19.81Z" },
    { url = "https://files.pythonhosted.org/packages/d4/2a/47be56772bfb07ef242d6e924049688e38384af2b2fc99b0f31180988448/wrapt-2.4.1-cp312-cp312-win_amd64.whl", hash = "sha256:b4e7efdd476ac631a0181551fd9aace844765ea3ce2b5133b194fae4421e8ad0", size = 98808, upload-time = "2026-09-10T23:10:21.084Z" },
    { url = "https://files.pythonhosted.org/packages/d7/ec/40e4c9735626afd1dc0eeb310310278361f192800503cda0f5b3d8d24db4/wrapt-2.4.1-cp312-cp312-win_arm64.whl", hash = "sha256:38819761401baa2d11916d7265b82f23265f8fe5a31c431dd7c24a8863c65f88", size = 95240, upload-time = "2026-09-10T23:10:22.39Z" },
    { url = "https://files.pythonhosted.org/packages/5c/1a/9b5aa3c2391aa6d00fffa085c2219e8fc91cd4d2b9b080d2b4e4b6b93f42/wrapt-2.4.1-cp313-cp313-macosx_10_13_x86_64.whl", hash = "sha256:55f36bb1461f93beaf18d818e568b5de343dd8fade7456773d201a38ee723bd3", size = 98597, upload-time = "2026-09-10T23:10:23.723Z" },
    { url = "https://files.pythonhosted.org/packages/fe/07/dc98150c2f9ee5b5fcbd841765e178ea6cc6c43733ab8d1f5181a4fb9f3d/wrapt-2.4.1-cp313-cp313-macosx_11_0_arm64.whl", hash = "sha256:53e15cd74bd6b84d7fa90b93dda7334d85f4641fae97632de8aa61d268dfd145", size = 98842, upload-time = "2026-09-10T23:10:25.109Z" },
    { url = "https://files.pythonhosted.org/packages/08/c2/0e772a570e8d75c1b3ec45930a3023492fa68223f8f5e3485af4844c10c3/wrapt-2.4.1-cp313-cp313-manylinux1_x86_64.manylinux_2_28_x86_64.manylinux_2_5_x86_64.whl", hash = "sha256:be6cdd7121adc89a6f52e3c2f4e26a2d4dcdc1c0fde47e3156234db8939e4cdc", size = 234642, upload-time = "2026-09-10T23:10:26.644Z" },
    { url = "https://files.pythonhosted.org/packages/76/25/4ce4d02dd95ff9ed972a2fc396d04fec636daa5a4ac18cc73a3dc20aa6c3/wrapt-2.4.1-cp313-cp313-manylinux2014_aarch64.manylinux_2_17_aarch64.manylinux_2_28_aarch64.whl", hash = "sha256:03b5598edd435373278731d0d53449ce7a9626bc48d5548e4a71124ee3e526a1", size = 235484, upload-time = "2026-09-10T23:10:28.098Z" },
    { url = "https://files.pythonhosted.org/packages/fd/80/436ef1df620ef8edd9ef057b4d55a0cd704435ff66852a0ef26cbaa02a58/wrapt-2.4.1-cp313-cp313-manylinux_2_31_riscv64.manylinux_2_39_riscv64.whl", hash = "sha256:fdc997819a6df4c65bdb0a1c5601c98b479ee34cc2f94ffa98a767034ad6366d", size = 214371, upload-time = "2026-09-10T23:10:29.841Z" },
    { url = "https://files.pythonhosted.org/packages/6a/2c/cc5b7503843399087db3106a7cf60d60d0900f69539e96148b9fff116291/wrapt-2.4.1-cp313-cp313-musllinux_1_2_aarch64.whl", hash = "sha256:3bfc6907ebed560d2d3f677c3b17bf6199679163b6c6e475035c9dca497d1697", size = 232347, upload-time = "2026-09-10T23:10:31.511Z" },
    { url = "https://files.pythonhosted.org/packages/86/fb/17668b1ca572c44b458c09d76064d35f5f57d5ac7629248871604bef816c/wrapt-2.4.1-cp313-cp313-musllinux_1_2_riscv64.whl", hash = "sha256:a0c3b217332cf0c4df085fec41c126bf7507d6c1ca0efb3ba8d2b3fd234d4e73", size = 212792, upload-time = "2026-09-10T23:10:32.968Z" },
    { url = "https://files.pythonhosted.org/packages/b8/2b/0c5de10d7259e07c478c44bf2fbe179c6878727d09edf0632b97884801db/wrapt-2.4.1-cp313-cp313-musllinux_1_2_x86_64.whl", hash = "sha256:a23b89621cfeb3329b1a290596bf402e61d7d5a647a65ca8ea735e48771b71d4", size = 223585, upload-time = "2026-09-10T23:10:34.43Z" },
    { url = "https://files.pythonhosted.org/packages/aa/36/013dce1c687f8f1c87b1e78f403d04c80ae9b2ae77de4ddba16069a3e7d1/wrapt-2.4.1-cp313-cp313-win32.whl", hash = "sha256:bc67d4872af5ab2dc1b88904097b92ac00e7658fdf010dee36807807fe882ac4", size = 93425, upload-time = "2026-09-10T23:10:35.901Z" },
    { url = "https://files.pythonhosted.org/packages/b7/1d/d53bcf5910209a45191c8bc173ff0e00830416547d8038772dc444932ee0/wrapt-2.4.1-cp313-cp313-win_amd64.whl", hash = "sha256:1fe758b9c2d49138231ec3efabd106fec665f86fec50b3d02d7edd75f08a69ca", size = 98569, upload-time = "2026-09-10T23:10:37.316Z" },
    { url = "https://files.pythonhosted.org/packages/e8/1f/759d0c522918f9dfb620136622d8e1ce619570adda0de8fa2cfbb55cbb86/wrapt-2.4.1-cp313-cp313-win_arm64.whl", hash = "sha256:0c974c36e8205255a3947dad9c2fe000431b57dd522946e56c192174a7f92a0f", size = 95272, upload-time = "2026-09-10T23:10:38.657Z" },
    { url = "https://files.pythonhosted.org/packages/08/05/ed5aa8991c5e9969e2ca17f0e44eb324a9757f44fa982bfc13844cfe9e1d/wrapt-2.4.1-cp314-cp314-macosx_10_15_x86_64.whl", hash = "sha256:c6c35541cc729964c65c2b9b1f9cf317811039abc2da13b4557f20f21cdc292b", size = 98876, upload-time = "2026-09-10T23:10:40.078Z" },
    { url = "https://files.pythonhosted.org/packages/f1/5f/f8bf07c3b9a2ad01d28d5ca419e28819bb16937d129167d97c446c05875d/wrapt-2.4.1-cp314-cp314-macosx_11_0_arm64.whl", hash = "sha256:6b9df84f0a96763159cccb8e3b0ed83cc950c7c8bf82d6e45428372a805b3224", size = 99054, upload-time = "2026-09-10T23:10:41.484Z" },
    { url = "https://files.pythonhosted.org/packages/f5/7a/518e5f3ebd18472652e5332bf37728cd6634ff81a0aa568969d05cc66099/wrapt-2.4.1-cp314-cp314-manylinux1_x86_64.manylinux_2_28_x86_64.manylinux_2_5_x86_64.whl", hash = "sha256:78af62413095d0a57077606654ce85e273deda8e2bfa28fdb04257b962d94ef2", size = 237430, upload-time = "2026-09-10T23:10:43.007Z" },
    { url = "https://files.pythonhosted.org/packages/8a/2b/503835d183c1ca99268e0b5a98af8f487d528ebabb124f4003cd96e73b1f/wrapt-2.4.1-cp314-cp314-manylinux2014_aarch64.manylinux_2_17_aarch64.manylinux_2_28_aarch64.whl", hash = "sha256:d60702ebc914d0bb01aa48f5c1785ceaaaa505e0a841b444a69d6ceb5de4097e", size = 237988, upload-time = "2026-09-10T23:10:44.466Z" },
    { url = "https://files.pythonhosted.org/packages/fa/9d/a11a3e1eb18ae1d9adef1c39f8e8e36fd5b86db33938bebf8e6bc5fd9b06/wrapt-2.4.1-cp314-cp314-manylinux_2_31_riscv64.manylinux_2_39_riscv64.whl", hash = "sha256:8c4b44e4be7680fc496816e824b6ed134d781c4da296e44b75399196e5c248f1", size = 218554, upload-time = "2026-09-10T23:10:45.969Z" },
    { url = "https://files.pythonhosted.org/packages/e1/61/61a6f983737ba81008561ab634373bba25b986761d3a0f0aded8352ae3e8/wrapt-2.4.1-cp314-cp314-musllinux_1_2_aarch64.whl", hash = "sha256:fb5b3f94258bcf71db902795f4a71151c7a74d9fe21fffa00752d2bd286866f8", size = 235476, upload-time = "2026-09-10T23:10:47.528Z" },
    { url = "https://files.pythonhosted.org/packages/42/68/acb7cba46e0f662eaae421487807d2fed28ba52df9a00a3f04db16675e38/wrapt-2.4.1-cp314-cp314-musllinux_1_2_riscv64.whl", hash = "sha256:f1556a96b20d5bfdc9cb5dcd0a3ec65cbbac8a4eebcd3cd34efdc91c9519f660", size = 216454, upload-time = "2026-09-10T23:10:49.126Z" },
    { url = "https://files.pythonhosted.org/packages/8b/52/3a4dab8d4803df595de82f19775535d28c036746340c1b498fc8ecba39aa/wrapt-2.4.1-cp314-cp314-musllinux_1_2_x86_64.whl", hash = "sha256:094a606d0bf1c4b847b3a743d22fc69cb164015b8c70cf6f20a534d30889ed47", size = 225346, upload-time = "2026-09-10T23:10:51.052Z" },
    { url = "https://files.pythonhosted.org/packages/5a/48/d72d051757fb7955021d8174014679f951fd5067187d2faed95520e1f8d6/wrapt-2.4.1-cp314-cp314-win32.whl", hash = "sha256:b0ee076be124406a7f97ca663c4a3ba32b6bcdd9102ca82497feaca79e9cb33c", size = 93870, upload-time = "2026-09-10T23:10:52.495Z" },
    { url = "https://files.pythonhosted.org/packages/a1/00/1a1bf4d8b60b9e7ac009969595438549ae6e33b2e3e174b78d26a833aad3/wrapt-2.4.1-cp314-cp314-win_amd64.whl", hash = "sha256:d2d6f9abaa52de05090a2b4a4c1d0e858a268c4de69eec277506af9fbcccff91", size = 98910, upload-time = "2026-09-10T23:10:53.878Z" },
    { url = "https://files.pythonhosted.org/packages/1d/59/b3169c3bcdcff70a6d02ed2b6366097b083d31391d616c407efe9a943a82/wrapt-2.4.1-cp314-cp314-win_arm64.whl", hash = "sha256:3152b2e94d733a9bd70dbd1c95f148266f079a70e9ffca2a9c5dc421ade1b4e6", size = 96013, upload-time = "2026-09-10T23:10:55.607Z" },
    { url = "https://files.pythonhosted.org/packages/b1/91/d29a063c2ca6e779305cd444dd5acaac60833d73b2d94c7b1d0820c27e3e/wrapt-2.4.1-cp314-cp314t-macosx_10_15_x86_64.whl", hash = "sha256:37ff91b390400463ecd4d080ea823314510b6843ac53e6e35cc09bba1805d466", size = 102069, upload-time = "2026-09-10T23:10:57.179Z" },
    { url = "https://files.pythonhosted.org/packages/72/26/7435de516099b528e2232770b459d6706002736f41d8f092bbb11ea01575/wrapt-2.4.1-cp314-cp314t-macosx_11_0_arm64.whl", hash = "sha256:e0a518cac3e789443af54fc77f23e66f17d80192c281b160b42058f11fabccc5", size = 102647, upload-time = "2026-09-10T23:10:58.852Z" },
    { url = "https://files.pythonhosted.org/packages/7b/a7/cca7fe0f26aa11cbbf09b2e6f4f774db167feeca43ad22fa1772afdccbad/wrapt-2.4.1-cp314-cp314t-manylinux1_x86_64.manylinux_2_28_x86_64.manylinux_2_5_x86_64.whl", hash = "sha256:9ecdeb8a1ec13397421e6f925412186bd87ab86d63517e6825b6d7bccf781f26", size = 275614, upload-time = "2026-09-10T23:11:00.464Z" },
    { url = "https://files.pythonhosted.org/packages/77/22/f3b5f4428ae679b1e2c0d4833519045d8983a9df0ad24df96b195d44dd1b/wrapt-2.4.1-cp314-cp314t-manylinux2014_aarch64.manylinux_2_17_aarch64.manylinux_2_28_aarch64.whl", hash = "sha256:c15c4ede3fde08723cabab0a892d4b75d35b5a6f0a51c84e6542ac0bdc0507aa", size = 287064, upload-time = "2026-09-10T23:11:02.111Z" },
    { url = "https://files.pythonhosted.org/packages/c2/b8/24274ec01b6ab6d0672f4312bfa29b5f1ffd9d56f16c8da67d5683883956/wrapt-2.4.1-cp314-cp314t-manylinux_2_31_riscv64.manylinux_2_39_riscv64.whl", hash = "sha256:e32c5951c36fed88b6c603dc0bab209a62dc3217bd8762413634725fe28f2f3c", size = 255440, upload-time = "2026-09-10T23:11:03.746Z" },
    { url = "https://files.pythonhosted.org/packages/8b/df/c63a36f0f03d70c7b92f60ec1ad3757088167914e1a262f5dcc7df233d51/wrapt-2.4.1-cp314-cp314t-musllinux_1_2_aarch64.whl", hash = "sha256:898513db90d55a4ed3009312d41c12932b8163edbae3535280046d47aaff774f", size = 281681, upload-time = "2026-09-10T23:11:05.41Z" },
    { url = "https://files.pythonhosted.org/packages/bc/c7/4930b6a369d9b3da59f5ada4ae9e659e2d4a68fe72c5d1ce15e5bead2d24/wrapt-2.4.1-cp314-cp314t-musllinux_1_2_riscv64.whl", hash = "sha256:42d01574bd4bcafc3476e77a95c6c0dd6167101991401325fc5591e2db21a91d", size = 252409, upload-time = "2026-09-10T23:11:06.867Z" },
    { url = "https://files.pythonhosted.org/packages/68/d7/f6bc5703061598c4a2ad4f7a2efce696782be6e9d5afed714a59f5902ead/wrapt-2.4.1-cp314-cp314t-musllinux_1_2_x86_64.whl", hash = "sha256:68a403adbeb4dd2654d6d108e43e69f0f90e6d34cb7588e0e6589109f6985e67", size = 270559, upload-time = "2026-09-10T23:11:08.385Z" },
    { url = "https://files.pythonhosted.org/packages/68/a3/952337a153e634f530079334c47dcc935b20f8ea22f364729fc2a8cf1821/wrapt-2.4.1-cp314-cp314t-win32.whl", hash = "sha256:7cb3035b332bc9d21478600ba82c7c71e2d074ed9b4e76364297f54598792227", size = 96241, upload-time = "2026-09-10T23:11:09.862Z" },
    { url = "https://files.pythonhosted.org/packages/09/28/48f0651547a125dd84e312b86268d4150c565a29f81ff9ca6fd81eba4be4/wrapt-2.4.1-cp314-cp314t-win_amd64.whl", hash = "sha256:707d2bef68deddd0fc74a81103d91b286a69ac5a9ff0f0a6dad66f8787e86697", size = 102655, upload-time = "2026-09-10T23:11:11.388Z" },
    { url = "https://files.pythonhosted.org/packages/21/a6/977441bed5e5afbffe7a789067ac2f5fd2e9f848884122a23db9ccae6a70/wrapt-2.4.1-cp314-cp314t-win_arm64.whl", hash = "sha256:28cb1c2713b4377bf03ddcb3e76d8216e4bb334199066c6122be7eed2f72de8c", size = 98495, upload-time = "2026-09-10T23:11:12.952Z" },
    { url = "https://files.pythonhosted.org/packages/7c/1c/03bcbc3dbf6ac11231f0434f2494aa7b80657b130be1a1a639192a3e44c9/wrapt-2.4.1-cp315-cp315-macosx_10_15_x86_64.whl", hash = "sha256:96a5023fa63ca2f095f7776c8bfaa1694547577f762646c375abafd8f8ae649b", size = 98878, upload-time = "2026-09-10T23:11:14.506Z" },
    { url = "https://files.pythonhosted.org/packages/87/26/5ad9bd421b8cdce0b2227a61f09586423765da3c284f8bbf0f69fc149fdf/wrapt-2.4.1-cp315-cp315-macosx_11_0_arm64.whl", hash = "sha256:2b21924949dedc3ac63725e09b9b0a130e771975f03432789344ed3422c46008", size = 99090, upload-time = "2026-09-10T23:11:16.101Z" },
    { url = "https://files.pythonhosted.org/packages/a1/c7/fa768261966d587650004ac37bef541540014b1fe23fbf4919c497ebc98c/wrapt-2.4.1-cp315-cp315-manylinux1_x86_64.manylinux_2_28_x86_64.manylinux_2_5_x86_64.whl", hash = "sha256:2f725af353bb3319c528ee69dbff838599426974288b281a3258d5397b18cb63", size = 237803, upload-time = "2026-09-10T23:11:17.738Z" },
    { url = "https://files.pythonhosted.org/packages/0f/37/9c1c876bd88fef8d065b3e8bf125cad9291d70ed3695cedb41b36b2453ec/wrapt-2.4.1-cp315-cp315-manylinux2014_aarch64.manylinux_2_17_aarch64.manylinux_2_28_aarch64.whl", hash = "sha256:20327e162ef7953fae56b31a43ca457f94ed1fc7a206d01e3d5c8412d1b91572", size = 238338, upload-time = "2026-09-10T23:11:19.742Z" },
    { url = "https://files.pythonhosted.org/packages/91/5b/47b2f2f08b90d9d3b4e1790ccae0d4e4de40e73f6614c9a52465a04f02a5/wrapt-2.4.1-cp315-cp315-manylinux_2_31_riscv64.manylinux_2_39_riscv64.whl", hash = "sha256:2cedb743dbdfb9b6d4f11acd8cb6329460264429777e81ea2e86b1b72ea503af", size = 220668, upload-time = "2026-09-10T23:11:21.422Z" },
    { url = "https://files.pythonhosted.org/packages/43/1f/da7844c7a3f7c01f3496e690e15ce9d01c0949278c64d4287ec472c90f72/wrapt-2.4.1-cp315-cp315-musllinux_1_2_aarch64.whl", hash = "sha256:5a54744b1193505f19016194979b773ee3754a199e9ad90db18f2e9a18fffa16", size = 235812, upload-time = "2026-09-10T23:11:23.211Z" },
    { url = "https://files.pythonhosted.org/packages/69/af/ac4aa9f795721a54a21bac329201f7df1b199b71ef064187a266d4d29836/wrapt-2.4.1-cp315-cp315-musllinux_1_2_riscv64.whl", hash = "sha256:b0d38d9cc23e9781e6584f303e5c5a9f0d45b85de92ad45678c4dde8d49d9535", size = 218195, upload-time = "2026-09-10T23:11:24.983Z" },
    { url = "https://files.pythonhosted.org/packages/78/aa/cff7670ec1cfa75b951171cfb41d45c7bdb94e928620a1599ec2b00cd2dd/wrapt-2.4.1-cp315-cp315-musllinux_1_2_x86_64.whl", hash = "sha256:a524ca32f0bcdde2b728d9f81f9527d4dd24b13f15d180f05d08cdc01d1cebe0", size = 225713, upload-time = "2026-09-10T23:11:26.576Z" },
    { url = "https://files.pythonhosted.org/packages/77/c6/64f138aef50b5ea1dfacca2a023b32ba3e41ef087bbd92e8997a95f4a0b8/wrapt-2.4.1-cp315-cp315-win32.whl", hash = "sha256:47c267617551e906de72f6e7265aa3bce84c63d44513d2d2e735e943422aa0a2", size = 93880, upload-time = "2026-09-10T23:11:28.253Z" },
    { url = "https://files.pythonhosted.org/packages/8d/aa/afe7484a0f7232e87f2ebb65286c1025d43cbe1de4e4051b127b024a92f7/wrapt-2.4.1-cp315-cp315-win_amd64.whl", hash = "sha256:ee437bd7fd050823ef731aad20e968ca8fe670b95e1841f5d201bfdbad4a4e96", size = 98919, upload-time = "2026-09-10T23:11:29.832Z" },
    { url = "https://files.pythonhosted.org/packages/83/21/6865f976c6a1082ca61e2792bc6a2d6a0ed03cd750a46f837753127191f8/wrapt-2.4.1-cp315-cp315-win_arm64.whl", hash = "sha256:ebf3b703752b53366fd02b7fbd8c447428e0349c9af3fc17c7a05076dbdd749a", size = 96021, upload-time = "2026-09-10T23:11:31.448Z" },
    { url = "https://files.pythonhosted.org/packages/8d/48/baf784cc9f1fe554f96daf15af06c7c466d76469d5540e357cf564755606/wrapt-2.4.1-cp315-cp315t-macosx_10_15_x86_64.whl", hash = "sha256:0f5990f5db090f069fcd577cc61cc8d463db73cde132abba9033b0a264fc06d0", size = 102028, upload-time = "2026-09-10T23:11:33.102Z" },
    { url = "https://files.pythonhosted.org/packages/82/35/fb809c95bf5512196aeda4c640aabf4e92f607340b8b2556555690a52b7a/wrapt-2.4.1-cp315-cp315t-macosx_11_0_arm64.whl", hash = "sha256:ef19a2590b195ac294deff8ee350a027a479afdd2ef2170ce3900af92406e110", size = 102640, upload-time = "2026-09-10T23:11:35.145Z" },
    { url = "https://files.pythonhosted.org/packages/a1/3f/bd462010ccbbe298479f320bf2bb02996706003e9c20a15790b65a186f8b/wrapt-2.4.1-cp315-cp315t-manylinux1_x86_64.manylinux_2_28_x86_64.manylinux_2_5_x86_64.whl", hash = "sha256:432f402f9b6014403cacf9fd18a6bf089c77964330eae951a155131ab0414f5d", size = 275999, upload-time = "2026-09-10T23:11:36.863Z" },
    { url = "https://files.pythonhosted.org/packages/56/1e/bd043b2bad2943336e090583ff6cea2f3e8776bde02f073ccf760b16eee1/wrapt-2.4.1-cp315-cp315t-manylinux2014_aarch64.manylinux_2_17_aarch64.manylinux_2_28_aarch64.whl", hash = "sha256:eb7c0f8bdd21e954bad89d554cfb7431c2f8179842853f199841ab90cbebe914", size = 287576, upload-time = "2026-09-10T23:11:38.79Z" },
    { url = "https://files.pythonhosted.org/packages/1c/d9/9937bbd61ca4e7f58a7e8a38f5ff3562334f741de51b87f0e031df441254/wrapt-2.4.1-cp315-cp315t-manylinux_2_31_riscv64.manylinux_2_39_riscv64.whl", hash = "sha256:8e82a1669d63b79a2b53041bbb6ea096b5763cab3ca698ed7ac244b3acb7cd51", size = 256763, upload-time = "2026-09-10T23:11:40.668Z" },
    { url = "https://files.pythonhosted.org/packages/aa/a8/0f78cc7e7fc6313cdba32df06f4b29a45a4a2aed3499040d6c1628d3f339/wrapt-2.4.1-cp315-cp315t-musllinux_1_2_aarch64.whl", hash = "sha256:b19e71c914c435d2c5652caea386c9bf2807979e957183f5bb06d5ed5fa8b55e", size = 282244, upload-time = "2026-09-10T23:11:42.483Z" },
    { url = "https://files.pythonhosted.org/packages/be/0d/30317d738b9898a7fbedc193657f151a468b0fa7235f4abd58a646a99cd8/wrapt-2.4.1-cp315-cp315t-musllinux_1_2_riscv64.whl", hash = "sha256:a1e4870d3368c6c918f38e308d5dcea970ea5b908ce889c21412f3a517ebf0c3", size = 254153, upload-time = "2026-09-10T23:11:44.357Z" },
    { url = "https://files.pythonhosted.org/packages/12/53/fe1f251a89f471ca7c5e17f2edbd8efd48fea6f1c08430dcf60986ea4183/wrapt-2.4.1-cp315-cp315t-musllinux_1_2_x86_64.whl", hash = "sha256:2286e8e4a937966706463d1bcea30dfefee529e6e73e097a18e9e066a07ae6c2", size = 271234, upload-time = "2026-09-10T23:11:46.132Z" },
    { url = "https://files.pythonhosted.org/packages/bd/7c/d63758cd7fa0d18c415a87312a07cdd9f0102eb824aaab5c7450b3ec08e5/wrapt-2.4.1-cp315-cp315t-win32.whl", hash = "sha256:80afa3b7010e82899044a2a189c468a0cd8c89980398a59ba3b96b451a6dc5e9", size = 96236, upload-time = "2026-09-10T23:11:47.942Z" },
    { url = "https://files.pythonhosted.org/packages/f7/2e/1785e6d2696db08b07c053b1f4ccb2b5e8f9d12e9bf2c7497693be6b4504/wrapt-2.4.1-cp315-cp315t-win_amd64.whl", hash = "sha256:3593b43fabab6b59fe77e38f7e40974aae120c30cea3fd1ceaea6621ee96be00", size = 102662, upload-time = "2026-09-10T23:11:49.831Z" },
    { url = "https://files.pythonhosted.org/packages/2f/fd/3f4ac5c4754948355e050f952ae7a64cdca94891e49fe9927c3f90a73334/wrapt-2.4.1-cp315-cp315t-win_arm64.whl", hash = "sha256:ac1939ccf3e1c33f463706fbf52db5075f5eefb6042bcc1f9cf48c2c20ef478c", size = 98500, upload-time = "2026-09-10T23:11:51.501Z" },
    { url = "https://files.pythonhosted.org/packages/4f/a2/edcfc8d9a30375791b775715f8501364588f65b494ec4f6930568a19e765/wrapt-2.4.1-py3-none-any.whl", hash = "sha256:1e84ec5d89a0a07a0ef6bcd343f5c8ecdc95601d71de3058cdc63274e86c193c", size = 75317, upload-time = "2026-09-10T23:12:14.82Z" },
]
